
Microsoft Visual Studio Solution File, Format Version 12.00
# Visual Studio 14
VisualStudioVersion = 14.0.25420.1
MinimumVisualStudioVersion = 10.0.40219.1
Project("{FAE04EC0-301F-11D3-BF4B-00C04F79EFBC}") = "fabProjeto", "fabProjeto\fabProjeto.csproj", "{4CC857E9-1881-43F9-97E7-45F014A89645}"
EndProject
Global
	GlobalSection(SolutionConfigurationPlatforms) = preSolution
		Debug|Any CPU = Debug|Any CPU
		Release|Any CPU = Release|Any CPU
	EndGlobalSection
	GlobalSection(ProjectConfigurationPlatforms) = postSolution
		{4CC857E9-1881-43F9-97E7-45F014A89645}.Debug|Any CPU.ActiveCfg = Debug|Any CPU
		{4CC857E9-1881-43F9-97E7-45F014A89645}.Debug|Any CPU.Build.0 = Debug|Any CPU
		{4CC857E9-1881-43F9-97E7-45F014A89645}.Release|Any CPU.ActiveCfg = Release|Any CPU
		{4CC857E9-1881-43F9-97E7-45F014A89645}.Release|Any CPU.Build.0 = Release|Any CPU
	EndGlobalSection
	GlobalSection(SolutionProperties) = preSolution
		HideSolutionNode = FALSE
	EndGlobalSection
	GlobalSection(TeamFoundationVersionControl) = preSolution
		SccNumberOfProjects = 2
		SccEnterpriseProvider = {4CA58AB2-18FA-4F8D-95D4-32DDF27D184C}
		SccTeamFoundationServer = https://cidocampos.visualstudio.com/
		SccLocalPath0 = .
		SccProjectUniqueName1 = fabProjeto\\fabProjeto.csproj
		SccProjectName1 = fabProjeto
		SccLocalPath1 = fabProjeto
	EndGlobalSection
EndGlobal
